# THIS IS AN AUTOGENERATED FILE. DO NOT EDIT THIS FILE DIRECTLY.
# yarn lockfile v1


"@babel/runtime@^7.26.0", "@babel/runtime@^7.27.6":
  version "7.27.6"
  resolved "https://npm.dev.wixpress.com/api/npm/npm-repos/@babel/runtime/-/runtime-7.27.6.tgz#ec4070a04d76bae8ddbb10770ba55714a417b7c6"
  integrity sha512-vbavdySgbTTrmFE+EsiqUTzlOr5bzlnJtUv9PynGCAKvfQqjIXbvFdumPM/GxMDfyuGMJaJAU6TO4zc1Jf1i8Q==

"@wix/auto_sdk_ecom_abandoned-checkouts@1.0.30":
  version "1.0.30"
  resolved "https://npm.dev.wixpress.com/api/npm/npm-repos/@wix/auto_sdk_ecom_abandoned-checkouts/-/auto_sdk_ecom_abandoned-checkouts-1.0.30.tgz#edb15bbf49b1892c7ab4d9371ab59b7e0a2070a4"
  integrity sha512-N8oiXoRYQTwnzb9zc7Kpf8ywGttZS/uc6fKic3ybvoPCgM0bmQXt4vsdkJHbetdzFbKQdi6WQtNDY69qIS1BMg==
  dependencies:
    "@wix/sdk-runtime" "^0.3.55"
    "@wix/sdk-types" "^1.13.28"

"@wix/auto_sdk_ecom_additional-fees@1.0.18":
  version "1.0.18"
  resolved "https://npm.dev.wixpress.com/api/npm/npm-repos/@wix/auto_sdk_ecom_additional-fees/-/auto_sdk_ecom_additional-fees-1.0.18.tgz#68c39ccdc658bcbe8b607f4e03d218c837ae417e"
  integrity sha512-45qjH8dHJyuO5tU355bKlzHkbz0tgi9S1MVICyk9N07ynrqN8DbDdsCMi4olyw8XsGcGCKli9QkbilGohKxmKg==
  dependencies:
    "@wix/sdk-runtime" "^0.3.55"
    "@wix/sdk-types" "^1.13.28"

"@wix/auto_sdk_ecom_back-in-stock-notifications@1.0.28":
  version "1.0.28"
  resolved "https://npm.dev.wixpress.com/api/npm/npm-repos/@wix/auto_sdk_ecom_back-in-stock-notifications/-/auto_sdk_ecom_back-in-stock-notifications-1.0.28.tgz#663eb8a7b8ef323113d5f484cdd3e61923cfaa47"
  integrity sha512-uQSUnTSIhq0QYL5ku41DOx6wOMaVE/r1/9nJAd21oe/hezsA65xVJF1hlPw0ZKKV2+InW05INwFmma9dNVA5oQ==
  dependencies:
    "@wix/sdk-runtime" "^0.3.55"
    "@wix/sdk-types" "^1.13.28"

"@wix/auto_sdk_ecom_back-in-stock-settings@1.0.20":
  version "1.0.20"
  resolved "https://npm.dev.wixpress.com/api/npm/npm-repos/@wix/auto_sdk_ecom_back-in-stock-settings/-/auto_sdk_ecom_back-in-stock-settings-1.0.20.tgz#c7047aa77de8c3f579bc1f432854563ffaf691b6"
  integrity sha512-5/RwG6j5dDeB4MIjYTndVn/961r1coJE6s7vUbezdpeyC3xMtTqsYde+qqK0EPwQbDXfKwqLoi8OT2VCtQnvQA==
  dependencies:
    "@wix/sdk-runtime" "^0.3.55"
    "@wix/sdk-types" "^1.13.28"

"@wix/auto_sdk_ecom_cart@1.0.48":
  version "1.0.48"
  resolved "https://npm.dev.wixpress.com/api/npm/npm-repos/@wix/auto_sdk_ecom_cart/-/auto_sdk_ecom_cart-1.0.48.tgz#6d9a198e4587e71eeeb0ece7e7f00aad38c15262"
  integrity sha512-wl7qTZUmrgI1eCgnVQu/a51+zcF2SFEimbmIJJoKtGLfOttuQG/t7G2lcZEZ8lvPpHM1DH3kjGT0RT+W2JDrgg==
  dependencies:
    "@wix/sdk-runtime" "^0.3.55"
    "@wix/sdk-types" "^1.13.28"

"@wix/auto_sdk_ecom_catalog@1.0.25":
  version "1.0.25"
  resolved "https://npm.dev.wixpress.com/api/npm/npm-repos/@wix/auto_sdk_ecom_catalog/-/auto_sdk_ecom_catalog-1.0.25.tgz#8df01d8c67f5c69367b1f2da13e881937ca7ad73"
  integrity sha512-QeJgUp8e74rzaEE2+6ggpa7VlvIDvqaY6kNxeY4iwLD3HYzzYTo2CJiBwNJkM/EFyj96GpLuc/aUFLHbXcnR2w==
  dependencies:
    "@wix/sdk-runtime" "^0.3.55"
    "@wix/sdk-types" "^1.13.28"

"@wix/auto_sdk_ecom_checkout-content@1.0.16":
  version "1.0.16"
  resolved "https://npm.dev.wixpress.com/api/npm/npm-repos/@wix/auto_sdk_ecom_checkout-content/-/auto_sdk_ecom_checkout-content-1.0.16.tgz#4df61f526b97a4d34664901a67c14237f45e6251"
  integrity sha512-lghbttUsdpZrKWcfcEaQhRYDQZqXU+40BQ05iuaEjp2bt0DGomR0zSTUpdhZH0Dtw4Q1OrGMS3Yr1NwW4DsJBw==
  dependencies:
    "@wix/sdk-runtime" "^0.3.55"
    "@wix/sdk-types" "^1.13.28"

"@wix/auto_sdk_ecom_checkout-settings@1.0.23":
  version "1.0.23"
  resolved "https://npm.dev.wixpress.com/api/npm/npm-repos/@wix/auto_sdk_ecom_checkout-settings/-/auto_sdk_ecom_checkout-settings-1.0.23.tgz#1e08564ad687a5ba7864420695c7c2adb92d193a"
  integrity sha512-s4dr269BbyIBeDanIU9nV5qAOtRJBM5tRDI8Z+YEbfXeA4wU4C0HixKd25aSB1VgdvaJXyZMb++RpDw2GPCySA==
  dependencies:
    "@wix/sdk-runtime" "^0.3.55"
    "@wix/sdk-types" "^1.13.28"

"@wix/auto_sdk_ecom_checkout-templates@1.0.47":
  version "1.0.47"
  resolved "https://npm.dev.wixpress.com/api/npm/npm-repos/@wix/auto_sdk_ecom_checkout-templates/-/auto_sdk_ecom_checkout-templates-1.0.47.tgz#12845a3c10cfa7e59a015f4ca3ecc9bf78218c8d"
  integrity sha512-5ObaEDL5o12MiIwAHqO3uaqdcRxEW37zVeTxPRBAiaJ61k+FuBmsripb5GZFAxsRdh6Wx1927AFqqyoY0Eg3Fg==
  dependencies:
    "@wix/sdk-runtime" "^0.3.55"
    "@wix/sdk-types" "^1.13.28"

"@wix/auto_sdk_ecom_checkout@1.0.51":
  version "1.0.51"
  resolved "https://npm.dev.wixpress.com/api/npm/npm-repos/@wix/auto_sdk_ecom_checkout/-/auto_sdk_ecom_checkout-1.0.51.tgz#d736bfdf568a01454f005d13a13a846e51f05bef"
  integrity sha512-rG7GDOd8wIQPBJ6hjz1DAdVsbsko8Z0O9YkFDfgZUJpFVg2drKljXgRWdWxmWG7lATuTzWIcDF9rqBWk10IwZQ==
  dependencies:
    "@wix/sdk-runtime" "^0.3.55"
    "@wix/sdk-types" "^1.13.28"

"@wix/auto_sdk_ecom_currencies@1.0.18":
  version "1.0.18"
  resolved "https://npm.dev.wixpress.com/api/npm/npm-repos/@wix/auto_sdk_ecom_currencies/-/auto_sdk_ecom_currencies-1.0.18.tgz#f14774905c400638d8c7d2597dce2f1fe0ea810b"
  integrity sha512-fo7BlXyrN2qc8UdAD6CgLI6zj/IFxpugFe3tD165PvwxwlUR3Bba2rDLvyN3KlN6hfFTZwyOxe8SMt2u8u+4Xg==
  dependencies:
    "@wix/sdk-runtime" "^0.3.55"
    "@wix/sdk-types" "^1.13.28"

"@wix/auto_sdk_ecom_current-cart@1.0.47":
  version "1.0.47"
  resolved "https://npm.dev.wixpress.com/api/npm/npm-repos/@wix/auto_sdk_ecom_current-cart/-/auto_sdk_ecom_current-cart-1.0.47.tgz#23e30dc965cf9264271d13ba03097ed5ef2760ce"
  integrity sha512-+/yH7o6cXgJbT3JwS5EHcabg680mzp7bnl95483o8r1eeziozi304wnfLpR40eitZyBWMBZBMqOwsJ8xJ/jFjQ==
  dependencies:
    "@wix/sdk-runtime" "^0.3.55"
    "@wix/sdk-types" "^1.13.28"

"@wix/auto_sdk_ecom_custom-triggers@1.0.17":
  version "1.0.17"
  resolved "https://npm.dev.wixpress.com/api/npm/npm-repos/@wix/auto_sdk_ecom_custom-triggers/-/auto_sdk_ecom_custom-triggers-1.0.17.tgz#4566215f38ba7f55dced18d61c54624540177620"
  integrity sha512-w7O0fYtQa2jUOF62l8f4Ue7ha3mSbKBY5q6uYy9gwLlXYQbV1/l0ZQj8ViUpDSjEZVui01WQc6wFWV2cOrQlYA==
  dependencies:
    "@wix/sdk-runtime" "^0.3.55"
    "@wix/sdk-types" "^1.13.28"

"@wix/auto_sdk_ecom_delivery-profile@1.0.51":
  version "1.0.51"
  resolved "https://npm.dev.wixpress.com/api/npm/npm-repos/@wix/auto_sdk_ecom_delivery-profile/-/auto_sdk_ecom_delivery-profile-1.0.51.tgz#a0e26f86db16fcc3993a2d61f92f93c82f4706cc"
  integrity sha512-UVj4LZxJDbXUiUNPztLUtxASK6uJJ95N8avY3LoAKIhjM5PBS01tToTEcBI0TOOyAuaehSQsgETu3Z3XOi66qw==
  dependencies:
    "@wix/sdk-runtime" "^0.3.55"
    "@wix/sdk-types" "^1.13.28"

"@wix/auto_sdk_ecom_delivery-solutions@1.0.24":
  version "1.0.24"
  resolved "https://npm.dev.wixpress.com/api/npm/npm-repos/@wix/auto_sdk_ecom_delivery-solutions/-/auto_sdk_ecom_delivery-solutions-1.0.24.tgz#b8d790226856716eabddd7ff01ff633da4468919"
  integrity sha512-YoRXn3ZBEbvx9AY9bo70C9KKbnQcHCHzHqxmRIybeSaN2Hnx2rrh8Fu8MHSrL4Ko8zXtqSF9SwA3Tex6RdcloA==
  dependencies:
    "@wix/sdk-runtime" "^0.3.55"
    "@wix/sdk-types" "^1.13.28"

"@wix/auto_sdk_ecom_discount-rules@1.0.22":
  version "1.0.22"
  resolved "https://npm.dev.wixpress.com/api/npm/npm-repos/@wix/auto_sdk_ecom_discount-rules/-/auto_sdk_ecom_discount-rules-1.0.22.tgz#420bf8d1a8bc5442bcb3a5c936c79feaed3d283b"
  integrity sha512-tGXd/BC1BDvHawPlArfo1zXRqkhbGyMbNUbO4Il7EGZqR1gdTI3c0jcYGHaaxQh5sus6KIwftK8FeuNOTQ7d/w==
  dependencies:
    "@wix/sdk-runtime" "^0.3.55"
    "@wix/sdk-types" "^1.13.28"

"@wix/auto_sdk_ecom_discounts-custom-trigger@1.0.20":
  version "1.0.20"
  resolved "https://npm.dev.wixpress.com/api/npm/npm-repos/@wix/auto_sdk_ecom_discounts-custom-trigger/-/auto_sdk_ecom_discounts-custom-trigger-1.0.20.tgz#814eb956b80998b94228271b4ab0757ccc289085"
  integrity sha512-zzkYRr50VvB/raC//dWLqqRdvYuU3K9eHfKg90n6hroN3++OQ5pb+yYHafP3R6IGe1HoyeBxgBH5OihCniKCVg==
  dependencies:
    "@wix/sdk-runtime" "^0.3.55"
    "@wix/sdk-types" "^1.13.28"

"@wix/auto_sdk_ecom_discounts@1.0.16":
  version "1.0.16"
  resolved "https://npm.dev.wixpress.com/api/npm/npm-repos/@wix/auto_sdk_ecom_discounts/-/auto_sdk_ecom_discounts-1.0.16.tgz#db82e8e95ea5dece7e4f4b02daf4e5bfed935c95"
  integrity sha512-VrSOlk13Eu8IMAOfsN+piuLmqSeC2oYgRR6crWz0BrZfH/G4ovkAg30mO9HADqBP+MYXuktFkcCqzhzy/mETHw==
  dependencies:
    "@wix/sdk-runtime" "^0.3.55"
    "@wix/sdk-types" "^1.13.28"

"@wix/auto_sdk_ecom_draft-orders@1.0.45":
  version "1.0.45"
  resolved "https://npm.dev.wixpress.com/api/npm/npm-repos/@wix/auto_sdk_ecom_draft-orders/-/auto_sdk_ecom_draft-orders-1.0.45.tgz#8268718e768429041cb50907da366fd97390ee9d"
  integrity sha512-JgHdmYB6av+Yjkb3crhg/iFMYYi9H2nb2YcOYdgiXs1GFaD2LL/fFFP6WfTBlfsQ2Ti5Q5E2nRbBA5pWpAl3KQ==
  dependencies:
    "@wix/sdk-runtime" "^0.3.55"
    "@wix/sdk-types" "^1.13.28"

"@wix/auto_sdk_ecom_gift-vouchers-provider@1.0.16":
  version "1.0.16"
  resolved "https://npm.dev.wixpress.com/api/npm/npm-repos/@wix/auto_sdk_ecom_gift-vouchers-provider/-/auto_sdk_ecom_gift-vouchers-provider-1.0.16.tgz#df44b16306eb3bcf6c0955c92df7d09b0e155a28"
  integrity sha512-KRQa9aWkyLK45uypI2mfcrjWE3iUKMPXwYlnyOC4P2cpTlIvsD1pfO4XY7vrRx52gOHzT6+9FjZuRbX0LbRMUA==
  dependencies:
    "@wix/sdk-runtime" "^0.3.55"
    "@wix/sdk-types" "^1.13.28"

"@wix/auto_sdk_ecom_gift-vouchers@1.0.20":
  version "1.0.20"
  resolved "https://npm.dev.wixpress.com/api/npm/npm-repos/@wix/auto_sdk_ecom_gift-vouchers/-/auto_sdk_ecom_gift-vouchers-1.0.20.tgz#12603ecaad1ff87c1a4e53794bfb7519ca26131f"
  integrity sha512-LC767L1S9CK6miuIpSRTKoCG3mA4keTvKADh/yzsh7z7O/x7EEz/gYc/GnmWR+nIgLPVThJJ4olA0H9R6FCjJw==
  dependencies:
    "@wix/sdk-runtime" "^0.3.55"
    "@wix/sdk-types" "^1.13.28"

"@wix/auto_sdk_ecom_inventory@1.0.6":
  version "1.0.6"
  resolved "https://npm.dev.wixpress.com/api/npm/npm-repos/@wix/auto_sdk_ecom_inventory/-/auto_sdk_ecom_inventory-1.0.6.tgz#7cf3677a79ddb8f803ea35b25f3c5fdca8041445"
  integrity sha512-ozx8LCn33xpQjSVgKsBQf896e3KVfd2R9+elk0d0qr9jeUb4klQ0NEulC0WyA1/KLLiGbcE6qPZGO8oL7RM3tw==
  dependencies:
    "@wix/sdk-runtime" "^0.3.55"
    "@wix/sdk-types" "^1.13.28"

"@wix/auto_sdk_ecom_local-delivery-options@1.0.21":
  version "1.0.21"
  resolved "https://npm.dev.wixpress.com/api/npm/npm-repos/@wix/auto_sdk_ecom_local-delivery-options/-/auto_sdk_ecom_local-delivery-options-1.0.21.tgz#d9b520e3c1580e31fca1fbbc909965d344b4a044"
  integrity sha512-6oG0CAU5qeoITBY4uk2nxBcXhLA7TKGseINrELep/kn0exMABjwjv/5nx5S0izDvo81o78ZzPyyaANmX+A9RIQ==
  dependencies:
    "@wix/sdk-runtime" "^0.3.55"
    "@wix/sdk-types" "^1.13.28"

"@wix/auto_sdk_ecom_memberships@1.0.16":
  version "1.0.16"
  resolved "https://npm.dev.wixpress.com/api/npm/npm-repos/@wix/auto_sdk_ecom_memberships/-/auto_sdk_ecom_memberships-1.0.16.tgz#111cca00cbde11b247e242b5646f5eee79c8378b"
  integrity sha512-Fi+KgxPEGB59uT/k+4uOC1RNjFdVRFmlRraZseAWjVUdZl0yFoWUsHZgg8uWR++mr+0wWDqubz2tF/fRvAC4XQ==
  dependencies:
    "@wix/sdk-runtime" "^0.3.55"
    "@wix/sdk-types" "^1.13.28"

"@wix/auto_sdk_ecom_order-billing@1.0.26":
  version "1.0.26"
  resolved "https://npm.dev.wixpress.com/api/npm/npm-repos/@wix/auto_sdk_ecom_order-billing/-/auto_sdk_ecom_order-billing-1.0.26.tgz#1d2a6ea94a7e775620cc14f0a135194113e0af4f"
  integrity sha512-bdrHCE3mi9JOsqOBL07khLhD14rknCpB9pLWy7/9ZyctVuepEYZkPdj7Ww8c4opSNFMRefZzf8fVacVeJ7SzCA==
  dependencies:
    "@wix/sdk-runtime" "^0.3.55"
    "@wix/sdk-types" "^1.13.28"

"@wix/auto_sdk_ecom_order-fulfillments@1.0.24":
  version "1.0.24"
  resolved "https://npm.dev.wixpress.com/api/npm/npm-repos/@wix/auto_sdk_ecom_order-fulfillments/-/auto_sdk_ecom_order-fulfillments-1.0.24.tgz#7f9b22d5a04f2079ce9240482844dfd5e53181af"
  integrity sha512-d/wr4Dy8UdTEpr0278xiLKM+5+yNmVj+PBRUkRD7X5ige1QRp7NHNKEV6t//NiGREZbH9pBLkHhMauzHyo3fXw==
  dependencies:
    "@wix/sdk-runtime" "^0.3.55"
    "@wix/sdk-types" "^1.13.28"

"@wix/auto_sdk_ecom_order-invoices@1.0.23":
  version "1.0.23"
  resolved "https://npm.dev.wixpress.com/api/npm/npm-repos/@wix/auto_sdk_ecom_order-invoices/-/auto_sdk_ecom_order-invoices-1.0.23.tgz#972d9fb526b543c752f98463e528ef40edef4e7b"
  integrity sha512-GER8Eb5Tr3q5WqvFX8qLRpHE6abOIxdroJnoGkTkJiKMO1p5vDQk4kId91q8gvL2qPMrjLPH9dNJgizRHpOBlw==
  dependencies:
    "@wix/sdk-runtime" "^0.3.55"
    "@wix/sdk-types" "^1.13.28"

"@wix/auto_sdk_ecom_order-payment-requests@1.0.28":
  version "1.0.28"
  resolved "https://npm.dev.wixpress.com/api/npm/npm-repos/@wix/auto_sdk_ecom_order-payment-requests/-/auto_sdk_ecom_order-payment-requests-1.0.28.tgz#a0d314638c18f948e621fe55f7625474b1086f7b"
  integrity sha512-HgcqdEObFDLCww3RzWhf8ukzYVrn/YUa8ZK2wpdrGXFVCBTNnRXy4AH5g5THpultWvXnYYW/+mioM0pGbAITzg==
  dependencies:
    "@wix/sdk-runtime" "^0.3.55"
    "@wix/sdk-types" "^1.13.28"

"@wix/auto_sdk_ecom_order-transactions@1.0.30":
  version "1.0.30"
  resolved "https://npm.dev.wixpress.com/api/npm/npm-repos/@wix/auto_sdk_ecom_order-transactions/-/auto_sdk_ecom_order-transactions-1.0.30.tgz#433218924c05da9b03518b1e2bc0a5099896aa7d"
  integrity sha512-D++6X8sdXSJJdaQSyBPcSDegDKY4QXCsdIS8lV1ZCtkkX5WSCzZcN/aK8TgsHtwcOoyFdzjsTdbJqbRVAV7p7A==
  dependencies:
    "@wix/sdk-runtime" "^0.3.55"
    "@wix/sdk-types" "^1.13.28"

"@wix/auto_sdk_ecom_orders-settings@1.0.18":
  version "1.0.18"
  resolved "https://npm.dev.wixpress.com/api/npm/npm-repos/@wix/auto_sdk_ecom_orders-settings/-/auto_sdk_ecom_orders-settings-1.0.18.tgz#bd1cf632e545a00f159299818f0cb8313dcd5d3d"
  integrity sha512-B/gWTTU72UUo4nNx3ne/TAqRZyEGodZqJ3ph04jIVStsTrZnWB84G5vvtOZisazKaD2DEm2zA1B2wgsKh5tGqg==
  dependencies:
    "@wix/sdk-runtime" "^0.3.55"
    "@wix/sdk-types" "^1.13.28"

"@wix/auto_sdk_ecom_orders@1.0.70":
  version "1.0.70"
  resolved "https://npm.dev.wixpress.com/api/npm/npm-repos/@wix/auto_sdk_ecom_orders/-/auto_sdk_ecom_orders-1.0.70.tgz#0ca8f3109cd57730850806a439b76417ab6b552e"
  integrity sha512-84lHIoNDtScfI7OCMmxyPOkO1GlbjRpY2nA/GDM41UjQGAWjfKLxyt8fg59VUUDLKycSa3WY0hRazfFysJneVA==
  dependencies:
    "@wix/sdk-runtime" "^0.3.55"
    "@wix/sdk-types" "^1.13.28"

"@wix/auto_sdk_ecom_payment-settings@1.0.43":
  version "1.0.43"
  resolved "https://npm.dev.wixpress.com/api/npm/npm-repos/@wix/auto_sdk_ecom_payment-settings/-/auto_sdk_ecom_payment-settings-1.0.43.tgz#137fa49fb88ec942fdde43943dcdabf257a3928b"
  integrity sha512-FkVhgLBuwCZwtVN6imA0CYqQsRJmsEkGx5clLQ6cRAd0qI+H7rLHIS8+NzP1+xoLpVKtDBIIJxKnI45d85Uz/g==
  dependencies:
    "@wix/sdk-runtime" "^0.3.55"
    "@wix/sdk-types" "^1.13.28"

"@wix/auto_sdk_ecom_pickup-locations@1.0.22":
  version "1.0.22"
  resolved "https://npm.dev.wixpress.com/api/npm/npm-repos/@wix/auto_sdk_ecom_pickup-locations/-/auto_sdk_ecom_pickup-locations-1.0.22.tgz#5a3f0712b42dea0441daf129ba6a96c4805c259f"
  integrity sha512-ERueBFzPaWuRTt+dmMiMz0pZaztzHOnFMlcFKjxoWP0k2xdsuCDBeL8OGd7bpM7L8b4xJriaQoeSo2wBMSsDvA==
  dependencies:
    "@wix/sdk-runtime" "^0.3.55"
    "@wix/sdk-types" "^1.13.28"

"@wix/auto_sdk_ecom_recommendations-provider@1.0.16":
  version "1.0.16"
  resolved "https://npm.dev.wixpress.com/api/npm/npm-repos/@wix/auto_sdk_ecom_recommendations-provider/-/auto_sdk_ecom_recommendations-provider-1.0.16.tgz#1b1c55e057ca2236f69d35feccf4f1be82bbfb19"
  integrity sha512-QqESt7aO/3UQc3MtoZSQDzH703XtPENWYwnG/qJt1gmg7LIRQXyT5QmCgD2Xwjvh1HesBD3ai5Ss0Suy5g5BYQ==
  dependencies:
    "@wix/sdk-runtime" "^0.3.55"
    "@wix/sdk-types" "^1.13.28"

"@wix/auto_sdk_ecom_recommendations@1.0.22":
  version "1.0.22"
  resolved "https://npm.dev.wixpress.com/api/npm/npm-repos/@wix/auto_sdk_ecom_recommendations/-/auto_sdk_ecom_recommendations-1.0.22.tgz#0edb98c683317fc5e734bddc1bf5f83f7d423b0a"
  integrity sha512-V7t4H/myejqxOhpgq7c1RLDyTrb7CnAIHJNpCUWGQIIA13UthHO6Cd5dxBMYSVASKuQNtJXv3Q65kQj7hyP/GQ==
  dependencies:
    "@wix/sdk-runtime" "^0.3.55"
    "@wix/sdk-types" "^1.13.28"

"@wix/auto_sdk_ecom_shipping-options@1.0.26":
  version "1.0.26"
  resolved "https://npm.dev.wixpress.com/api/npm/npm-repos/@wix/auto_sdk_ecom_shipping-options/-/auto_sdk_ecom_shipping-options-1.0.26.tgz#4118c8cd47e5caf78698ab5121d4f16e3a8fe5a1"
  integrity sha512-Z1wooP2IgIgbgxPo8Mgnz4cnzACkHenP9UQMbTqcRetCftH12DwOOePa4z0k4S3wWqNo7FV1i7bCnYY/OURouA==
  dependencies:
    "@wix/sdk-runtime" "^0.3.55"
    "@wix/sdk-types" "^1.13.28"

"@wix/auto_sdk_ecom_shipping-rates@1.0.16":
  version "1.0.16"
  resolved "https://npm.dev.wixpress.com/api/npm/npm-repos/@wix/auto_sdk_ecom_shipping-rates/-/auto_sdk_ecom_shipping-rates-1.0.16.tgz#00567cee81cbd7e935c3d0cb575c4a2f198fa5b7"
  integrity sha512-KEvRzsGcAVdz8NphO2hJ7rjRyJPmucPUYI3cDOyQ4GZufzXqqhjGBiBExw1upWQ++bRSGC3eAbBkrt0nayu94g==
  dependencies:
    "@wix/sdk-runtime" "^0.3.55"
    "@wix/sdk-types" "^1.13.28"

"@wix/auto_sdk_ecom_shippo-configurations@1.0.29":
  version "1.0.29"
  resolved "https://npm.dev.wixpress.com/api/npm/npm-repos/@wix/auto_sdk_ecom_shippo-configurations/-/auto_sdk_ecom_shippo-configurations-1.0.29.tgz#7d2001ec013de5ce08b63daf04128f7801afccb4"
  integrity sha512-bBBAl5bvyQbvhOxsXq1XewnpgNbsimTFc4IFKZktve58+jeMLo87CTFZyF3dZo3XyvEboxYc6v1wknTd1oQTpw==
  dependencies:
    "@wix/sdk-runtime" "^0.3.55"
    "@wix/sdk-types" "^1.13.28"

"@wix/auto_sdk_ecom_subscription-contracts@1.0.41":
  version "1.0.41"
  resolved "https://npm.dev.wixpress.com/api/npm/npm-repos/@wix/auto_sdk_ecom_subscription-contracts/-/auto_sdk_ecom_subscription-contracts-1.0.41.tgz#0da300aa1918f78f4877afe86e8ee80323acf7a9"
  integrity sha512-dQ3ahQPuQ1lKKwWSU0NkQqm7Fban9tmv0bbElMkjqahNHEd/LJEtRSEijAru2qG58byrH8vqLiu+Vo7s+0pAxQ==
  dependencies:
    "@wix/sdk-runtime" "^0.3.55"
    "@wix/sdk-types" "^1.13.28"

"@wix/auto_sdk_ecom_tax-calculation-provider@1.0.14":
  version "1.0.14"
  resolved "https://npm.dev.wixpress.com/api/npm/npm-repos/@wix/auto_sdk_ecom_tax-calculation-provider/-/auto_sdk_ecom_tax-calculation-provider-1.0.14.tgz#d9387883ce9c1bf52a225d57c553df0085ddaff5"
  integrity sha512-37+znyibLB9ZNpWCZFi4CNgydgziKfIfqTCcW69cC04GnRbuZkNW1hd8Eay8qVTUc0sQdOofpdfascwX0/Y8sA==
  dependencies:
    "@wix/sdk-runtime" "^0.3.55"
    "@wix/sdk-types" "^1.13.28"

"@wix/auto_sdk_ecom_tax-calculation@1.0.18":
  version "1.0.18"
  resolved "https://npm.dev.wixpress.com/api/npm/npm-repos/@wix/auto_sdk_ecom_tax-calculation/-/auto_sdk_ecom_tax-calculation-1.0.18.tgz#5fec0b3ef435898762ef996e3e29fda290cb6fc3"
  integrity sha512-tRX3MQPq77SFOqUHvP8eGCFpY8V7AFsp6HPHOJlVKvGtbYuZcL3EIWJ5dVH8gv6KBuVUqt7kIQCgDytDT9M/cg==
  dependencies:
    "@wix/sdk-runtime" "^0.3.55"
    "@wix/sdk-types" "^1.13.28"

"@wix/auto_sdk_ecom_tax-groups@1.0.25":
  version "1.0.25"
  resolved "https://npm.dev.wixpress.com/api/npm/npm-repos/@wix/auto_sdk_ecom_tax-groups/-/auto_sdk_ecom_tax-groups-1.0.25.tgz#7a5ae261e28148beb5b1e6516a14790aeac06c49"
  integrity sha512-5fNDzW0OGA2BzN2ebm483MBu+oCqZxeGYS+6e6vaAzefNZDhKh3N7QAGMxBe0gsenQytOBGlwXEp9j8kOk7OYQ==
  dependencies:
    "@wix/sdk-runtime" "^0.3.55"
    "@wix/sdk-types" "^1.13.28"

"@wix/auto_sdk_ecom_tax-regions@1.0.21":
  version "1.0.21"
  resolved "https://npm.dev.wixpress.com/api/npm/npm-repos/@wix/auto_sdk_ecom_tax-regions/-/auto_sdk_ecom_tax-regions-1.0.21.tgz#eb3d886250e926d88204a8e241300a47ed79d9b9"
  integrity sha512-q7g3t4vFrE6LEVTGsYXeMqG+K7YPUIzc7uFs3mOSRFOHMuglA4n1il0wqHCtv0biwV6xk5e232shK1kjWRRhow==
  dependencies:
    "@wix/sdk-runtime" "^0.3.55"
    "@wix/sdk-types" "^1.13.28"

"@wix/auto_sdk_ecom_tip-settings@1.0.24":
  version "1.0.24"
  resolved "https://npm.dev.wixpress.com/api/npm/npm-repos/@wix/auto_sdk_ecom_tip-settings/-/auto_sdk_ecom_tip-settings-1.0.24.tgz#1e0ddda39f7561ed4a14b39bfb1d25ae2096ed5c"
  integrity sha512-V5Q2OIK2ajJUaa3SbRHTA1+G3o2JEvaa4Q0NkYt7FJ/N7SiPIEwTcRWi1Mgfo/8ZUmDWUjw5gsStIFhEA/iR/g==
  dependencies:
    "@wix/sdk-runtime" "^0.3.55"
    "@wix/sdk-types" "^1.13.28"

"@wix/auto_sdk_ecom_tippable-staff@1.0.20":
  version "1.0.20"
  resolved "https://npm.dev.wixpress.com/api/npm/npm-repos/@wix/auto_sdk_ecom_tippable-staff/-/auto_sdk_ecom_tippable-staff-1.0.20.tgz#92c864a1ed395bd61b00b952c3d921ec78d9b470"
  integrity sha512-OckCA1zA4o+zv/dj+gArVjJtqlbwqNepHjYBHOxgQusIaOheNiquT8RjoyPWcDQ5UFzcajwAm/ITB1C/kBbmMQ==
  dependencies:
    "@wix/sdk-runtime" "^0.3.55"
    "@wix/sdk-types" "^1.13.28"

"@wix/auto_sdk_ecom_tips@1.0.28":
  version "1.0.28"
  resolved "https://npm.dev.wixpress.com/api/npm/npm-repos/@wix/auto_sdk_ecom_tips/-/auto_sdk_ecom_tips-1.0.28.tgz#4903a5f98c388e087375726a168a87fc34690938"
  integrity sha512-b+bUnITqYfDTy5KN1vS4dGfUPasYzTgTGTof3dSCzcVqDCEiGOrXWxIDlvbjurpM3T/0swnSi0LRjSUdjwfPeA==
  dependencies:
    "@wix/sdk-runtime" "^0.3.55"
    "@wix/sdk-types" "^1.13.28"

"@wix/auto_sdk_ecom_totals-calculator@1.0.35":
  version "1.0.35"
  resolved "https://npm.dev.wixpress.com/api/npm/npm-repos/@wix/auto_sdk_ecom_totals-calculator/-/auto_sdk_ecom_totals-calculator-1.0.35.tgz#20f53683f4b65468a0f8b919e36d1a8cfe32fa56"
  integrity sha512-0z7UQIPkhC8mSZ0rqn41y7B79xT7QHFcIBx/0/8siyZiITegl8ScBDibx3a7X5QdrsCcPyCrbQoalvBOD6l1Ng==
  dependencies:
    "@wix/sdk-runtime" "^0.3.55"
    "@wix/sdk-types" "^1.13.28"

"@wix/auto_sdk_ecom_validations@1.0.23":
  version "1.0.23"
  resolved "https://npm.dev.wixpress.com/api/npm/npm-repos/@wix/auto_sdk_ecom_validations/-/auto_sdk_ecom_validations-1.0.23.tgz#e21ebf07bf81c0eeaa93e7e92914c5ec93761d77"
  integrity sha512-yB2I0OvvtWfEJDJC1dgrlyBF0oNZWZ9IP3KU6TJLZ0vARASRdSBYyRqss1vrQchTwTBRuxzTNI+Xly9mDSa9RA==
  dependencies:
    "@wix/sdk-runtime" "^0.3.55"
    "@wix/sdk-types" "^1.13.28"

"@wix/auto_sdk_identity_authentication@1.0.19":
  version "1.0.19"
  resolved "https://npm.dev.wixpress.com/api/npm/npm-repos/@wix/auto_sdk_identity_authentication/-/auto_sdk_identity_authentication-1.0.19.tgz#62f8ede204064f076488c383c17f41994d754698"
  integrity sha512-Udy8M+iRJAae5uXKVRiwW8a1GuUB/56JqzDRRFSI1ktPTYjzNsdZhyiHh5NRlQQ8ljUU0oiigsguDDazax3XQA==
  dependencies:
    "@wix/sdk-runtime" "^0.3.55"
    "@wix/sdk-types" "^1.13.28"

"@wix/auto_sdk_identity_oauth@1.0.14":
  version "1.0.14"
  resolved "https://npm.dev.wixpress.com/api/npm/npm-repos/@wix/auto_sdk_identity_oauth/-/auto_sdk_identity_oauth-1.0.14.tgz#5313a2e3046c97daac48b6195b13db0bf96681c7"
  integrity sha512-8S34DHJIhj1fsP9cZRdL4xjs98ihLJ2VIIBUlehHy2qH0gTdFrE9JpusrH4RMkkO3olI9wCQjgHPTAJltfUmnw==
  dependencies:
    "@wix/sdk-runtime" "^0.3.55"
    "@wix/sdk-types" "^1.13.28"

"@wix/auto_sdk_identity_recovery@1.0.19":
  version "1.0.19"
  resolved "https://npm.dev.wixpress.com/api/npm/npm-repos/@wix/auto_sdk_identity_recovery/-/auto_sdk_identity_recovery-1.0.19.tgz#1852f2beb2918e46f394b02c4eda5a1ca3bdd27d"
  integrity sha512-Lq86BGRtJkrlochdPLRVmzvXYW3Ct8GR5ChvjyPNV60y+a78VglpO5/BF8K+XQ4qFBKDZjyiaCBsPhe5/cs8rw==
  dependencies:
    "@wix/sdk-runtime" "^0.3.55"
    "@wix/sdk-types" "^1.13.28"

"@wix/auto_sdk_identity_verification@1.0.20":
  version "1.0.20"
  resolved "https://npm.dev.wixpress.com/api/npm/npm-repos/@wix/auto_sdk_identity_verification/-/auto_sdk_identity_verification-1.0.20.tgz#5696982cf9bbedeab936c0b410d0d4981bebc9b4"
  integrity sha512-ErrJkxRkozpq7PmhDnii/z8+T4EoUQCzyKLVhWnBCy9LBjaW6m26mC5B3KhN1afuJQlhrJFcLn6B8nu3mw+hhQ==
  dependencies:
    "@wix/sdk-runtime" "^0.3.55"
    "@wix/sdk-types" "^1.13.28"

"@wix/auto_sdk_redirects_redirects@1.0.20":
  version "1.0.20"
  resolved "https://npm.dev.wixpress.com/api/npm/npm-repos/@wix/auto_sdk_redirects_redirects/-/auto_sdk_redirects_redirects-1.0.20.tgz#dfd74211ec1be3904543c2828ddb2e2173327fe6"
  integrity sha512-kLXhUAiEwcb3sswWO2NLL/xjpplp+IVQRHj7ds6ws0Ts209BqSCgPH33OJS+Xa1wTYZf1RGB3EFmnpjzru3x6w==
  dependencies:
    "@wix/sdk-runtime" "^0.3.55"
    "@wix/sdk-types" "^1.13.28"

"@wix/auto_sdk_stores_abandoned-carts@https://cdn.dev.wixpress.com/@wix/auto_sdk_stores_abandoned-carts/9be921db00be7c822bcdd7c10034ad61416eb39e2ed3f2743487691e.tar.gz":
  version "0.0.0-9be921db00be7c822bcdd7c10034ad61416eb39e2ed3f2743487691e"
  resolved "https://cdn.dev.wixpress.com/@wix/auto_sdk_stores_abandoned-carts/9be921db00be7c822bcdd7c10034ad61416eb39e2ed3f2743487691e.tar.gz#8c58af06dc267612c5f8f512223684e1fe21a6e7"
  dependencies:
    "@wix/sdk-runtime" "^0.3.55"
    "@wix/sdk-types" "^1.13.28"

"@wix/auto_sdk_stores_brands-v-3@https://cdn.dev.wixpress.com/@wix/auto_sdk_stores_brands-v-3/65911573da34f9c1cf2b62ada6a58d638e751e252529cf657bf1d0af.tar.gz":
  version "0.0.0-65911573da34f9c1cf2b62ada6a58d638e751e252529cf657bf1d0af"
  resolved "https://cdn.dev.wixpress.com/@wix/auto_sdk_stores_brands-v-3/65911573da34f9c1cf2b62ada6a58d638e751e252529cf657bf1d0af.tar.gz#57da72d268a02c5858a1199b852a4f8e17ac47a8"
  dependencies:
    "@wix/sdk-runtime" "^0.3.55"
    "@wix/sdk-types" "^1.13.28"

"@wix/auto_sdk_stores_catalog-versioning@https://cdn.dev.wixpress.com/@wix/auto_sdk_stores_catalog-versioning/c896cacbeb5240dfc820e2d939254f3232a11526f2d3302eda2bbc5b.tar.gz":
  version "0.0.0-c896cacbeb5240dfc820e2d939254f3232a11526f2d3302eda2bbc5b"
  resolved "https://cdn.dev.wixpress.com/@wix/auto_sdk_stores_catalog-versioning/c896cacbeb5240dfc820e2d939254f3232a11526f2d3302eda2bbc5b.tar.gz#44173eae2f8c078665e69c8f461207533b6f81d2"
  dependencies:
    "@wix/sdk-runtime" "^0.3.55"
    "@wix/sdk-types" "^1.13.28"

"@wix/auto_sdk_stores_collections@https://cdn.dev.wixpress.com/@wix/auto_sdk_stores_collections/bacc8915606adec9f3baa4a55d1ae9e6d93abd4a9ffa10d4d4d538f7.tar.gz":
  version "0.0.0-bacc8915606adec9f3baa4a55d1ae9e6d93abd4a9ffa10d4d4d538f7"
  resolved "https://cdn.dev.wixpress.com/@wix/auto_sdk_stores_collections/bacc8915606adec9f3baa4a55d1ae9e6d93abd4a9ffa10d4d4d538f7.tar.gz#afce65e2f9f9c793f24f972b71ae9fd131936171"
  dependencies:
    "@wix/sdk-runtime" "^0.3.55"
    "@wix/sdk-types" "^1.13.28"

"@wix/auto_sdk_stores_customizations-v-3@https://cdn.dev.wixpress.com/@wix/auto_sdk_stores_customizations-v-3/fdada4d1adc5a022c49d74e983444e2ab6332386e2ff6752051c1a12.tar.gz":
  version "0.0.0-fdada4d1adc5a022c49d74e983444e2ab6332386e2ff6752051c1a12"
  resolved "https://cdn.dev.wixpress.com/@wix/auto_sdk_stores_customizations-v-3/fdada4d1adc5a022c49d74e983444e2ab6332386e2ff6752051c1a12.tar.gz#527ce7c5b8c6a959f48210e8f192320409ddba68"
  dependencies:
    "@wix/sdk-runtime" "^0.3.55"
    "@wix/sdk-types" "^1.13.28"

"@wix/auto_sdk_stores_info-sections-v-3@https://cdn.dev.wixpress.com/@wix/auto_sdk_stores_info-sections-v-3/9a3e3784021c786342e9a103b9ac60e973b7b27f87d61661e22e6dfe.tar.gz":
  version "0.0.0-9a3e3784021c786342e9a103b9ac60e973b7b27f87d61661e22e6dfe"
  resolved "https://cdn.dev.wixpress.com/@wix/auto_sdk_stores_info-sections-v-3/9a3e3784021c786342e9a103b9ac60e973b7b27f87d61661e22e6dfe.tar.gz#c671d80498c9a2c2bc361b1954c572477bb7496a"
  dependencies:
    "@wix/sdk-runtime" "^0.3.55"
    "@wix/sdk-types" "^1.13.28"

"@wix/auto_sdk_stores_inventory-items-v-3@https://cdn.dev.wixpress.com/@wix/auto_sdk_stores_inventory-items-v-3/9978ef009f702bee6901543167d61741e82183b6aa61c7c34eee4ca0.tar.gz":
  version "0.0.0-9978ef009f702bee6901543167d61741e82183b6aa61c7c34eee4ca0"
  resolved "https://cdn.dev.wixpress.com/@wix/auto_sdk_stores_inventory-items-v-3/9978ef009f702bee6901543167d61741e82183b6aa61c7c34eee4ca0.tar.gz#66ee075e12c8757c243f5aa919cecb6709d462e6"
  dependencies:
    "@wix/sdk-runtime" "^0.3.55"
    "@wix/sdk-types" "^1.13.28"

"@wix/auto_sdk_stores_inventory@https://cdn.dev.wixpress.com/@wix/auto_sdk_stores_inventory/b498b6047e16c1dd0651f153415fbc9d4f93bc888cf2a89368eeae2e.tar.gz":
  version "0.0.0-b498b6047e16c1dd0651f153415fbc9d4f93bc888cf2a89368eeae2e"
  resolved "https://cdn.dev.wixpress.com/@wix/auto_sdk_stores_inventory/b498b6047e16c1dd0651f153415fbc9d4f93bc888cf2a89368eeae2e.tar.gz#92a2be21e04d496735231b27f5243b77367d5a5d"
  dependencies:
    "@wix/sdk-runtime" "^0.3.55"
    "@wix/sdk-types" "^1.13.28"

"@wix/auto_sdk_stores_products-v-3@https://cdn.dev.wixpress.com/@wix/auto_sdk_stores_products-v-3/7be958829743d6c226a7627c4fb763004f9afdee9ba5357dab728510.tar.gz":
  version "0.0.0-7be958829743d6c226a7627c4fb763004f9afdee9ba5357dab728510"
  resolved "https://cdn.dev.wixpress.com/@wix/auto_sdk_stores_products-v-3/7be958829743d6c226a7627c4fb763004f9afdee9ba5357dab728510.tar.gz#8f6ad82b9a39d358b3e2e3892569012778725422"
  dependencies:
    "@wix/sdk-runtime" "^0.3.55"
    "@wix/sdk-types" "^1.13.28"

"@wix/auto_sdk_stores_products@https://cdn.dev.wixpress.com/@wix/auto_sdk_stores_products/ea2462a331ac8de73a0ac87401ece05058e4b68ea6206dd2ffbbbb8b.tar.gz":
  version "0.0.0-ea2462a331ac8de73a0ac87401ece05058e4b68ea6206dd2ffbbbb8b"
  resolved "https://cdn.dev.wixpress.com/@wix/auto_sdk_stores_products/ea2462a331ac8de73a0ac87401ece05058e4b68ea6206dd2ffbbbb8b.tar.gz#420f842c6cccf8aff811fc0b232e07b62bddc14f"
  dependencies:
    "@wix/sdk-runtime" "^0.3.55"
    "@wix/sdk-types" "^1.13.28"

"@wix/auto_sdk_stores_read-only-variants-v-3@https://cdn.dev.wixpress.com/@wix/auto_sdk_stores_read-only-variants-v-3/608b78040ddcc2d37a717549269485e7229d3de86db68b8cabc8faee.tar.gz":
  version "0.0.0-608b78040ddcc2d37a717549269485e7229d3de86db68b8cabc8faee"
  resolved "https://cdn.dev.wixpress.com/@wix/auto_sdk_stores_read-only-variants-v-3/608b78040ddcc2d37a717549269485e7229d3de86db68b8cabc8faee.tar.gz#6e89f766fbcae8bc4bf9907f588d1bc9008d7768"
  dependencies:
    "@wix/sdk-runtime" "^0.3.55"
    "@wix/sdk-types" "^1.13.28"

"@wix/auto_sdk_stores_ribbons-v-3@https://cdn.dev.wixpress.com/@wix/auto_sdk_stores_ribbons-v-3/6e1a1d274790fd833f36380ea5263c171058dbe56c3c0f4c0ad514a9.tar.gz":
  version "0.0.0-6e1a1d274790fd833f36380ea5263c171058dbe56c3c0f4c0ad514a9"
  resolved "https://cdn.dev.wixpress.com/@wix/auto_sdk_stores_ribbons-v-3/6e1a1d274790fd833f36380ea5263c171058dbe56c3c0f4c0ad514a9.tar.gz#c7f620a82ccb196fb04798fa5b2858bed5f5a046"
  dependencies:
    "@wix/sdk-runtime" "^0.3.55"
    "@wix/sdk-types" "^1.13.28"

"@wix/auto_sdk_stores_stores-locations-v-3@https://cdn.dev.wixpress.com/@wix/auto_sdk_stores_stores-locations-v-3/112b655a520f8f21cd0c5e7456e851a472d773b0d17a17159689c99a.tar.gz":
  version "0.0.0-112b655a520f8f21cd0c5e7456e851a472d773b0d17a17159689c99a"
  resolved "https://cdn.dev.wixpress.com/@wix/auto_sdk_stores_stores-locations-v-3/112b655a520f8f21cd0c5e7456e851a472d773b0d17a17159689c99a.tar.gz#d2c32e9a0e17a88a51c9fd92b370ef1e0c4722ee"
  dependencies:
    "@wix/sdk-runtime" "^0.3.55"
    "@wix/sdk-types" "^1.13.28"

"@wix/auto_sdk_stores_subscription-options@https://cdn.dev.wixpress.com/@wix/auto_sdk_stores_subscription-options/900dad01a3bf9d041968cfbdf48320a9fb9f06f9f8ca180f540906c6.tar.gz":
  version "0.0.0-900dad01a3bf9d041968cfbdf48320a9fb9f06f9f8ca180f540906c6"
  resolved "https://cdn.dev.wixpress.com/@wix/auto_sdk_stores_subscription-options/900dad01a3bf9d041968cfbdf48320a9fb9f06f9f8ca180f540906c6.tar.gz#d0a8599e182ff7fecc9f875c27b6b976550b9f7a"
  dependencies:
    "@wix/sdk-runtime" "^0.3.55"
    "@wix/sdk-types" "^1.13.28"

"@wix/auto_sdk_stores_wishlist@https://cdn.dev.wixpress.com/@wix/auto_sdk_stores_wishlist/85df912f68d3b8a3ccf4a2ebf745ed73ad11d1f289e5d2d2b4291129.tar.gz":
  version "0.0.0-85df912f68d3b8a3ccf4a2ebf745ed73ad11d1f289e5d2d2b4291129"
  resolved "https://cdn.dev.wixpress.com/@wix/auto_sdk_stores_wishlist/85df912f68d3b8a3ccf4a2ebf745ed73ad11d1f289e5d2d2b4291129.tar.gz#2df695437f34101d8d26728339a8b1105f27606f"
  dependencies:
    "@wix/sdk-runtime" "^0.3.55"
    "@wix/sdk-types" "^1.13.28"

"@wix/ecom@^1.0.1234":
  version "1.0.1234"
  resolved "https://npm.dev.wixpress.com/api/npm/npm-repos/@wix/ecom/-/ecom-1.0.1234.tgz#eb18a6ae859675166d81d73575821b25a142de35"
  integrity sha512-SwAswQ7FwZY+skHVWZIrqtB5+yMPctmpyqSHZxItF3wIgm3yXosltGk1iqSu5tb3FvOWExlESn909IWaZjPknw==
  dependencies:
    "@wix/auto_sdk_ecom_abandoned-checkouts" "1.0.30"
    "@wix/auto_sdk_ecom_additional-fees" "1.0.18"
    "@wix/auto_sdk_ecom_back-in-stock-notifications" "1.0.28"
    "@wix/auto_sdk_ecom_back-in-stock-settings" "1.0.20"
    "@wix/auto_sdk_ecom_cart" "1.0.48"
    "@wix/auto_sdk_ecom_catalog" "1.0.25"
    "@wix/auto_sdk_ecom_checkout" "1.0.51"
    "@wix/auto_sdk_ecom_checkout-content" "1.0.16"
    "@wix/auto_sdk_ecom_checkout-settings" "1.0.23"
    "@wix/auto_sdk_ecom_checkout-templates" "1.0.47"
    "@wix/auto_sdk_ecom_currencies" "1.0.18"
    "@wix/auto_sdk_ecom_current-cart" "1.0.47"
    "@wix/auto_sdk_ecom_custom-triggers" "1.0.17"
    "@wix/auto_sdk_ecom_delivery-profile" "1.0.51"
    "@wix/auto_sdk_ecom_delivery-solutions" "1.0.24"
    "@wix/auto_sdk_ecom_discount-rules" "1.0.22"
    "@wix/auto_sdk_ecom_discounts" "1.0.16"
    "@wix/auto_sdk_ecom_discounts-custom-trigger" "1.0.20"
    "@wix/auto_sdk_ecom_draft-orders" "1.0.45"
    "@wix/auto_sdk_ecom_gift-vouchers" "1.0.20"
    "@wix/auto_sdk_ecom_gift-vouchers-provider" "1.0.16"
    "@wix/auto_sdk_ecom_inventory" "1.0.6"
    "@wix/auto_sdk_ecom_local-delivery-options" "1.0.21"
    "@wix/auto_sdk_ecom_memberships" "1.0.16"
    "@wix/auto_sdk_ecom_order-billing" "1.0.26"
    "@wix/auto_sdk_ecom_order-fulfillments" "1.0.24"
    "@wix/auto_sdk_ecom_order-invoices" "1.0.23"
    "@wix/auto_sdk_ecom_order-payment-requests" "1.0.28"
    "@wix/auto_sdk_ecom_order-transactions" "1.0.30"
    "@wix/auto_sdk_ecom_orders" "1.0.70"
    "@wix/auto_sdk_ecom_orders-settings" "1.0.18"
    "@wix/auto_sdk_ecom_payment-settings" "1.0.43"
    "@wix/auto_sdk_ecom_pickup-locations" "1.0.22"
    "@wix/auto_sdk_ecom_recommendations" "1.0.22"
    "@wix/auto_sdk_ecom_recommendations-provider" "1.0.16"
    "@wix/auto_sdk_ecom_shipping-options" "1.0.26"
    "@wix/auto_sdk_ecom_shipping-rates" "1.0.16"
    "@wix/auto_sdk_ecom_shippo-configurations" "1.0.29"
    "@wix/auto_sdk_ecom_subscription-contracts" "1.0.41"
    "@wix/auto_sdk_ecom_tax-calculation" "1.0.18"
    "@wix/auto_sdk_ecom_tax-calculation-provider" "1.0.14"
    "@wix/auto_sdk_ecom_tax-groups" "1.0.25"
    "@wix/auto_sdk_ecom_tax-regions" "1.0.21"
    "@wix/auto_sdk_ecom_tip-settings" "1.0.24"
    "@wix/auto_sdk_ecom_tippable-staff" "1.0.20"
    "@wix/auto_sdk_ecom_tips" "1.0.28"
    "@wix/auto_sdk_ecom_totals-calculator" "1.0.35"
    "@wix/auto_sdk_ecom_validations" "1.0.23"
    "@wix/ecom_app-extensions" "1.0.82"

"@wix/ecom_app-extensions@1.0.82":
  version "1.0.82"
  resolved "https://npm.dev.wixpress.com/api/npm/npm-repos/@wix/ecom_app-extensions/-/ecom_app-extensions-1.0.82.tgz#385f4813e126ee4c2cf4fbb08bd5daaf6bc3a5e7"
  integrity sha512-UP6lP/3+KRA0FFVAX3SNAlo74rN/Jj26R5G98iQ0RbvAcnSOtmlABc5QrmgfAZwNaeZdsXIk+v1rse2ZYKB9UQ==
  dependencies:
    "@wix/sdk-runtime" "^0.3.49"
    "@wix/sdk-types" "^1.13.28"

"@wix/error-handler-types@^1.10.0":
  version "1.10.0"
  resolved "https://npm.dev.wixpress.com/api/npm/npm-repos/@wix/error-handler-types/-/error-handler-types-1.10.0.tgz#179558f472be59e4498af16f9eced68ff774664b"
  integrity sha512-AuF7punWWtOkwzb8g4k1lFlIvTFYB00wqMAKbeC6/00n/mTTL1+RC97cDDq8mC5bmEdd8Nk6wBv39lYumlmSVw==
  dependencies:
    "@babel/runtime" "^7.27.6"

"@wix/identity@^1.0.104":
  version "1.0.145"
  resolved "https://npm.dev.wixpress.com/api/npm/npm-repos/@wix/identity/-/identity-1.0.145.tgz#08c820b92285d0c431a3e9bd3d4a9aeed0b43185"
  integrity sha512-OrZwCJC3W7fZ1KfUhkToQRgzMAaDWnnd2TtxDT56/07pF++/37ftAvpKkdtrycI64mLI+gLIa9SVNPyKUUASqg==
  dependencies:
    "@wix/auto_sdk_identity_authentication" "1.0.19"
    "@wix/auto_sdk_identity_oauth" "1.0.14"
    "@wix/auto_sdk_identity_recovery" "1.0.19"
    "@wix/auto_sdk_identity_verification" "1.0.20"

"@wix/image-kit@^1.109.0":
  version "1.109.0"
  resolved "https://npm.dev.wixpress.com/api/npm/npm-repos/@wix/image-kit/-/image-kit-1.109.0.tgz#28991c30dc2673e4dd2b700c9634414f61f44b4e"
  integrity sha512-F0suchWQrByPffxVbwP5kI71TDx6YbWysvs4NcAOBMhJ29DwKe/SkqnwcVKuaGo9g242T8zNu2o2w/rzI87B4Q==
  dependencies:
    "@babel/runtime" "^7.26.0"
    tslib "^2.8.1"

"@wix/monitoring-types@^0.12.0":
  version "0.12.0"
  resolved "https://npm.dev.wixpress.com/api/npm/npm-repos/@wix/monitoring-types/-/monitoring-types-0.12.0.tgz#3f0e54d363c4b7d99a0ddc9ed9e4bc590dc7f1e6"
  integrity sha512-nlv4jwQMewjzPIWFF9rnKf9WhVojj67oLtvilYXfi+lnhXyVlYOfqCnL3qLJuKtJ6wT5XIJdt0Fj0su2NM5taQ==

"@wix/redirects@^1.0.70":
  version "1.0.92"
  resolved "https://npm.dev.wixpress.com/api/npm/npm-repos/@wix/redirects/-/redirects-1.0.92.tgz#b849038d394956b5beeb10458f6cf8ba26afad56"
  integrity sha512-NQIKcdproDQ+4hVOYA9pJ+dTjTkxLlVBdfBtnjJqSHkxBu22MZXBoLMl/Vw5Zmg3rsryyzqkAhPwLtyb8Gat3Q==
  dependencies:
    "@wix/auto_sdk_redirects_redirects" "1.0.20"

"@wix/sdk-context@0.0.1":
  version "0.0.1"
  resolved "https://npm.dev.wixpress.com/api/npm/npm-repos/@wix/sdk-context/-/sdk-context-0.0.1.tgz#8c1436d382b720f80e72dd0c1c4e0576b6ab3fec"
  integrity sha512-ziSzrceUC0KFn4IJIVBn1cXXKrZ49ZKG5tQ6fl+TpontyUw5p/Z4VofFUUsnqNl9JYCpYNTzIXpzwok93Vrl8A==

"@wix/sdk-runtime@0.3.57", "@wix/sdk-runtime@^0.3.49", "@wix/sdk-runtime@^0.3.55":
  version "0.3.57"
  resolved "https://npm.dev.wixpress.com/api/npm/npm-repos/@wix/sdk-runtime/-/sdk-runtime-0.3.57.tgz#650a2efe0277c03667b714503c5fbf39cb0954c7"
  integrity sha512-e+9QO9y4qCU6m+sdo7cI6vMGsmrUKDD82LwYkJCZOYX0d5KfxmxsYifyleI1U9DKGJyUj1spQEa5195mLYZ6gg==
  dependencies:
    "@wix/sdk-context" "0.0.1"
    "@wix/sdk-types" "^1.13.32"

"@wix/sdk-types@^1.13.28", "@wix/sdk-types@^1.13.32":
  version "1.13.32"
  resolved "https://npm.dev.wixpress.com/api/npm/npm-repos/@wix/sdk-types/-/sdk-types-1.13.32.tgz#f0fb0571e81f740b486f1f9a50159235e9306409"
  integrity sha512-C4jIM4GvWEHqN8XH7ydDdQ44S9xxuhMpUGZRRZamTruGeZUZ2Gj9M+EYi03lZiNJTeUIlirxSB3UJE9V3syicA==
  dependencies:
    "@wix/error-handler-types" "^1.10.0"
    "@wix/monitoring-types" "^0.12.0"
    type-fest "^4.41.0"

"@wix/sdk@^1.15.24":
  version "1.15.24"
  resolved "https://npm.dev.wixpress.com/api/npm/npm-repos/@wix/sdk/-/sdk-1.15.24.tgz#4513f641b599afaf6f12b0b725867ebc35ec33c1"
  integrity sha512-hZ3EHZuD3n31J/6AZlccMKXhxkwDQ7NYqZg5Cejs8pg5N5mOn9XfJ90VdO5fhHPXyo0kxHaIr3stODw1wI+xSQ==
  dependencies:
    "@wix/identity" "^1.0.104"
    "@wix/image-kit" "^1.109.0"
    "@wix/redirects" "^1.0.70"
    "@wix/sdk-context" "0.0.1"
    "@wix/sdk-runtime" "0.3.57"
    "@wix/sdk-types" "^1.13.32"
    jose "^5.10.0"
    type-fest "^4.41.0"
  optionalDependencies:
    graphql "^0.8.0 || ^0.9.0 || ^0.10.0 || ^0.11.0 || ^0.12.0 || ^0.13.0 || ^14.0.0 || ^15.0.0 || ^16.0.0 || ^17.0.0"

"@wix/stores@https://cdn.dev.wixpress.com/@wix/stores/57ebf4ed07331fc2327a8fb38349d2d10096785f420a64c33625efd8.tar.gz":
  version "0.0.0-57ebf4ed07331fc2327a8fb38349d2d10096785f420a64c33625efd8"
  resolved "https://cdn.dev.wixpress.com/@wix/stores/57ebf4ed07331fc2327a8fb38349d2d10096785f420a64c33625efd8.tar.gz#28033344b8228ddc93cb90ae67a3c5f894624818"
  dependencies:
    "@wix/auto_sdk_stores_abandoned-carts" "https://cdn.dev.wixpress.com/@wix/auto_sdk_stores_abandoned-carts/9be921db00be7c822bcdd7c10034ad61416eb39e2ed3f2743487691e.tar.gz"
    "@wix/auto_sdk_stores_brands-v-3" "https://cdn.dev.wixpress.com/@wix/auto_sdk_stores_brands-v-3/65911573da34f9c1cf2b62ada6a58d638e751e252529cf657bf1d0af.tar.gz"
    "@wix/auto_sdk_stores_catalog-versioning" "https://cdn.dev.wixpress.com/@wix/auto_sdk_stores_catalog-versioning/c896cacbeb5240dfc820e2d939254f3232a11526f2d3302eda2bbc5b.tar.gz"
    "@wix/auto_sdk_stores_collections" "https://cdn.dev.wixpress.com/@wix/auto_sdk_stores_collections/bacc8915606adec9f3baa4a55d1ae9e6d93abd4a9ffa10d4d4d538f7.tar.gz"
    "@wix/auto_sdk_stores_customizations-v-3" "https://cdn.dev.wixpress.com/@wix/auto_sdk_stores_customizations-v-3/fdada4d1adc5a022c49d74e983444e2ab6332386e2ff6752051c1a12.tar.gz"
    "@wix/auto_sdk_stores_info-sections-v-3" "https://cdn.dev.wixpress.com/@wix/auto_sdk_stores_info-sections-v-3/9a3e3784021c786342e9a103b9ac60e973b7b27f87d61661e22e6dfe.tar.gz"
    "@wix/auto_sdk_stores_inventory" "https://cdn.dev.wixpress.com/@wix/auto_sdk_stores_inventory/b498b6047e16c1dd0651f153415fbc9d4f93bc888cf2a89368eeae2e.tar.gz"
    "@wix/auto_sdk_stores_inventory-items-v-3" "https://cdn.dev.wixpress.com/@wix/auto_sdk_stores_inventory-items-v-3/9978ef009f702bee6901543167d61741e82183b6aa61c7c34eee4ca0.tar.gz"
    "@wix/auto_sdk_stores_products" "https://cdn.dev.wixpress.com/@wix/auto_sdk_stores_products/ea2462a331ac8de73a0ac87401ece05058e4b68ea6206dd2ffbbbb8b.tar.gz"
    "@wix/auto_sdk_stores_products-v-3" "https://cdn.dev.wixpress.com/@wix/auto_sdk_stores_products-v-3/7be958829743d6c226a7627c4fb763004f9afdee9ba5357dab728510.tar.gz"
    "@wix/auto_sdk_stores_read-only-variants-v-3" "https://cdn.dev.wixpress.com/@wix/auto_sdk_stores_read-only-variants-v-3/608b78040ddcc2d37a717549269485e7229d3de86db68b8cabc8faee.tar.gz"
    "@wix/auto_sdk_stores_ribbons-v-3" "https://cdn.dev.wixpress.com/@wix/auto_sdk_stores_ribbons-v-3/6e1a1d274790fd833f36380ea5263c171058dbe56c3c0f4c0ad514a9.tar.gz"
    "@wix/auto_sdk_stores_stores-locations-v-3" "https://cdn.dev.wixpress.com/@wix/auto_sdk_stores_stores-locations-v-3/112b655a520f8f21cd0c5e7456e851a472d773b0d17a17159689c99a.tar.gz"
    "@wix/auto_sdk_stores_subscription-options" "https://cdn.dev.wixpress.com/@wix/auto_sdk_stores_subscription-options/900dad01a3bf9d041968cfbdf48320a9fb9f06f9f8ca180f540906c6.tar.gz"
    "@wix/auto_sdk_stores_wishlist" "https://cdn.dev.wixpress.com/@wix/auto_sdk_stores_wishlist/85df912f68d3b8a3ccf4a2ebf745ed73ad11d1f289e5d2d2b4291129.tar.gz"
    "@wix/stores_app-extensions" "https://cdn.dev.wixpress.com/@wix/stores_app-extensions/29db18cab5a1aeace770633f43f6a4b0982d4034442fb4177424c241.tar.gz"

"@wix/stores_app-extensions@https://cdn.dev.wixpress.com/@wix/stores_app-extensions/29db18cab5a1aeace770633f43f6a4b0982d4034442fb4177424c241.tar.gz":
  version "0.0.0-29db18cab5a1aeace770633f43f6a4b0982d4034442fb4177424c241"
  resolved "https://cdn.dev.wixpress.com/@wix/stores_app-extensions/29db18cab5a1aeace770633f43f6a4b0982d4034442fb4177424c241.tar.gz#a907744039775762e82329c4ee37852d037382cb"
  dependencies:
    "@wix/sdk-runtime" "^0.3.55"
    "@wix/sdk-types" "^1.13.28"

"graphql@^0.8.0 || ^0.9.0 || ^0.10.0 || ^0.11.0 || ^0.12.0 || ^0.13.0 || ^14.0.0 || ^15.0.0 || ^16.0.0 || ^17.0.0":
  version "16.11.0"
  resolved "https://npm.dev.wixpress.com/api/npm/npm-repos/graphql/-/graphql-16.11.0.tgz#96d17f66370678027fdf59b2d4c20b4efaa8a633"
  integrity sha512-mS1lbMsxgQj6hge1XZ6p7GPhbrtFwUFYi3wRzXAC/FmYnyXMTvvI3td3rjmQ2u8ewXueaSvRPWaEcgVVOT9Jnw==

jose@^5.10.0:
  version "5.10.0"
  resolved "https://npm.dev.wixpress.com/api/npm/npm-repos/jose/-/jose-5.10.0.tgz#c37346a099d6467c401351a9a0c2161e0f52c4be"
  integrity sha512-s+3Al/p9g32Iq+oqXxkW//7jk2Vig6FF1CFqzVXoTUXt2qz89YWbL+OwS17NFYEvxC35n0FKeGO2LGYSxeM2Gg==

tslib@^2.8.1:
  version "2.8.1"
  resolved "https://npm.dev.wixpress.com/api/npm/npm-repos/tslib/-/tslib-2.8.1.tgz#612efe4ed235d567e8aba5f2a5fab70280ade83f"
  integrity sha512-oJFu94HQb+KVduSUQL7wnpmqnfmLsOA/nAh6b6EH0wCEoK0/mPeXU6c3wKDV83MkOuHPRHtSXKKU99IBazS/2w==

type-fest@^4.41.0:
  version "4.41.0"
  resolved "https://npm.dev.wixpress.com/api/npm/npm-repos/type-fest/-/type-fest-4.41.0.tgz#6ae1c8e5731273c2bf1f58ad39cbae2c91a46c58"
  integrity sha512-TeTSQ6H5YHvpqVwBRcnLDCBnDOHWYu7IvGbHT6N8AOymcr9PJGjc1GTtiWZTYg0NCgYwvnYWEkVChQAr9bjfwA==

typescript@^5.8.2:
  version "5.8.3"
  resolved "https://npm.dev.wixpress.com/api/npm/npm-repos/typescript/-/typescript-5.8.3.tgz"
  integrity sha512-p1diW6TqL9L07nNxvRMM7hMMw4c5XOo/1ibL4aAIGmSAt9slTE1Xgw5KWuof2uTOvCg9BY7ZRi+GaF+7sfgPeQ==
